github.com/enterprise-contract/go-gather/saver/file v0.0.0-20240521080222-0648e998132b h1:2nWimrcrKVSpdHl9bjTzLKhvVbH7pYr/XFKUkqpdsSE=
github.com/enterprise-contract/go-gather/saver/file v0.0.0-20240521080222-0648e998132b/go.mod h1:qnNStNDYPJGjJunKANv6jq93ynndcfxmUoeYeBEnZEY=
github.com/enterprise-contract/go-gather/saver/file v0.0.0-20240605192053-1dbd1cbbfdcd h1:dRKHhlgoLkGm3CRdnpVWx94Q4JOYOA5N2qLw2m13VOI=
github.com/enterprise-contract/go-gather/saver/file v0.0.0-20240605192053-1dbd1cbbfdcd/go.mod h1:qnNStNDYPJGjJunKANv6jq93ynndcfxmUoeYeBEnZEY=
